
Microsoft Visual Studio Solution File, Format Version 12.00
# Visual Studio Version 17
VisualStudioVersion = 17.5.002.0
MinimumVisualStudioVersion = 10.0.40219.1
Project("{9A19103F-16F7-4668-BE54-9A1E7A4F7556}") = "api", "api.csproj", "{AB614910-DD7C-4290-BA5F-81F1ACBD3E71}"
EndProject
Global
	GlobalSection(SolutionConfigurationPlatforms) = preSolution
		Debug|Any CPU = Debug|Any CPU
		Release|Any CPU = Release|Any CPU
	EndGlobalSection
	GlobalSection(ProjectConfigurationPlatforms) = postSolution
		{AB614910-DD7C-4290-BA5F-81F1ACBD3E71}.Debug|Any CPU.ActiveCfg = Debug|Any CPU
		{AB614910-DD7C-4290-BA5F-81F1ACBD3E71}.Debug|Any CPU.Build.0 = Debug|Any CPU
		{AB614910-DD7C-4290-BA5F-81F1ACBD3E71}.Release|Any CPU.ActiveCfg = Release|Any CPU
		{AB614910-DD7C-4290-BA5F-81F1ACBD3E71}.Release|Any CPU.Build.0 = Release|Any CPU
	EndGlobalSection
	GlobalSection(SolutionProperties) = preSolution
		HideSolutionNode = FALSE
	EndGlobalSection
	GlobalSection(ExtensibilityGlobals) = postSolution
		SolutionGuid = {714B6C75-A439-44B1-A2F2-B4C20B3E8FE6}
	EndGlobalSection
EndGlobal
